
Microsoft Visual Studio Solution File, Format Version 12.00
# Visual Studio 15
VisualStudioVersion = 15.0.28307.136
MinimumVisualStudioVersion = 10.0.40219.1
Project("{FAE04EC0-301F-11D3-BF4B-00C04F79EFBC}") = "FilmApp.NewDb", "FilmApp.NewDb\FilmApp.NewDb.csproj", "{80841392-8B7D-4E51-9EB4-E88C035AE63D}"
EndProject
Global
	GlobalSection(SolutionConfigurationPlatforms) = preSolution
		Debug|Any CPU = Debug|Any CPU
		Release|Any CPU = Release|Any CPU
	EndGlobalSection
	GlobalSection(ProjectConfigurationPlatforms) = postSolution
		{80841392-8B7D-4E51-9EB4-E88C035AE63D}.Debug|Any CPU.ActiveCfg = Debug|Any CPU
		{80841392-8B7D-4E51-9EB4-E88C035AE63D}.Debug|Any CPU.Build.0 = Debug|Any CPU
		{80841392-8B7D-4E51-9EB4-E88C035AE63D}.Release|Any CPU.ActiveCfg = Release|Any CPU
		{80841392-8B7D-4E51-9EB4-E88C035AE63D}.Release|Any CPU.Build.0 = Release|Any CPU
	EndGlobalSection
	GlobalSection(SolutionProperties) = preSolution
		HideSolutionNode = FALSE
	EndGlobalSection
	GlobalSection(ExtensibilityGlobals) = postSolution
		SolutionGuid = {E33728D2-C081-463C-AD8A-9946D02BCFB3}
	EndGlobalSection
EndGlobal
